// !$*UTF8*$!
{
	archiveVersion = 1;
	classes = {
	};
	objectVersion = 77;
	objects = {

/* Begin PBXContainerItemProxy section */
		7DFFB2AE2D918EA700BF3622 /* PBXContainerItemProxy */ = {
			isa = PBXContainerItemProxy;
			containerPortal = 7DFFB2932D918EA500BF3622 /* Project object */;
			proxyType = 1;
			remoteGlobalIDString = 7DFFB29A2D918EA500BF3622;
			remoteInfo = TodoDemoApp;
		};
		7DFFB2B82D918EA700BF3622 /* PBXContainerItemProxy */ = {
			isa = PBXContainerItemProxy;
			containerPortal = 7DFFB2932D918EA500BF3622 /* Project object */;
			proxyType = 1;
			remoteGlobalIDString = 7DFFB29A2D918EA500BF3622;
			remoteInfo = TodoDemoApp;
		};
/* End PBXContainerItemProxy section */

/* Begin PBXFileReference section */
		7DFFB29B2D918EA500BF3622 /* TodoDemoApp.app */ = {isa = PBXFileReference; explicitFileType = wrapper.application; includeInIndex = 0; path = TodoDemoApp.app; sourceTree = BUILT_PRODUCTS_DIR; };
		7DFFB2AD2D918EA700BF3622 /* TodoDemoAppTests.xctest */ = {isa = PBXFileReference; explicitFileType = wrapper.cfbundle; includeInIndex = 0; path = TodoDemoAppTests.xctest; sourceTree = BUILT_PRODUCTS_DIR; };
		7DFFB2B72D918EA700BF3622 /* TodoDemoAppUITests.xctest */ = {isa = PBXFileReference; explicitFileType = wrapper.cfbundle; includeInIndex = 0; path = TodoDemoAppUITests.xctest; sourceTree = BUILT_PRODUCTS_DIR; };
/* End PBXFileReference section */

/* Begin PBXFileSystemSynchronizedRootGroup section */
		7DFFB29D2D918EA500BF3622 /* TodoDemoApp */ = {
			isa = PBXFileSystemSynchronizedRootGroup;
			path = TodoDemoApp;
			sourceTree = "<group>";
		};
		7DFFB2B02D918EA700BF3622 /* TodoDemoAppTests */ = {
			isa = PBXFileSystemSynchronizedRootGroup;
			path = TodoDemoAppTests;
			sourceTree = "<group>";
		};
		7DFFB2BA2D918EA700BF3622 /* TodoDemoAppUITests */ = {
			isa = PBXFileSystemSynchronizedRootGroup;
			path = TodoDemoAppUITests;
			sourceTree = "<group>";
		};
/* End PBXFileSystemSynchronizedRootGroup section */

/* Begin PBXFrameworksBuildPhase section */
		7DFFB2982D918EA500BF3622 /* Frameworks */ = {
			isa = PBXFrameworksBuildPhase;
			buildActionMask = 2147483647;
			files = (
			);
			runOnlyForDeploymentPostprocessing = 0;
		};
		7DFFB2AA2D918EA700BF3622 /* Frameworks */ = {
			isa = PBXFrameworksBuildPhase;
			buildActionMask = 2147483647;
			files = (
			);
			runOnlyForDeploymentPostprocessing = 0;
		};
		7DFFB2B42D918EA700BF3622 /* Frameworks */ = {
			isa = PBXFrameworksBuildPhase;
			buildActionMask = 2147483647;
			files = (
			);
			runOnlyForDeploymentPostprocessing = 0;
		};
/* End PBXFrameworksBuildPhase section */

/* Begin PBXGroup section */
		7DFFB2922D918EA500BF3622 = {
			isa = PBXGroup;
			children = (
				7DFFB29D2D918EA500BF3622 /* TodoDemoApp */,
				7DFFB2B02D918EA700BF3622 /* TodoDemoAppTests */,
				7DFFB2BA2D918EA700BF3622 /* TodoDemoAppUITests */,
				7DFFB29C2D918EA500BF3622 /* Products */,
			);
			sourceTree = "<group>";
		};
		7DFFB29C2D918EA500BF3622 /* Products */ = {
			isa = PBXGroup;
			children = (
				7DFFB29B2D918EA500BF3622 /* TodoDemoApp.app */,
				7DFFB2AD2D918EA700BF3622 /* TodoDemoAppTests.xctest */,
				7DFFB2B72D918EA700BF3622 /* TodoDemoAppUITests.xctest */,
			);
			name = Products;
			sourceTree = "<group>";
		};
/* End PBXGroup section */

/* Begin PBXNativeTarget section */
		7DFFB29A2D918EA500BF3622 /* TodoDemoApp */ = {
			isa = PBXNativeTarget;
			buildConfigurationList = 7DFFB2C12D918EA700BF3622 /* Build configuration list for PBXNativeTarget "TodoDemoApp" */;
			buildPhases = (
				7DFFB2972D918EA500BF3622 /* Sources */,
				7DFFB2982D918EA500BF3622 /* Frameworks */,
				7DFFB2992D918EA500BF3622 /* Resources */,
			);
			buildRules = (
			);
			dependencies = (
			);
			fileSystemSynchronizedGroups = (
				7DFFB29D2D918EA500BF3622 /* TodoDemoApp */,
			);
			name = TodoDemoApp;
			packageProductDependencies = (
			);
			productName = TodoDemoApp;
			productReference = 7DFFB29B2D918EA500BF3622 /* TodoDemoApp.app */;
			productType = "com.apple.product-type.application";
		};
		7DFFB2AC2D918EA700BF3622 /* TodoDemoAppTests */ = {
			isa = PBXNativeTarget;
			buildConfigurationList = 7DFFB2C42D918EA700BF3622 /* Build configuration list for PBXNativeTarget "TodoDemoAppTests" */;
			buildPhases = (
				7DFFB2A92D918EA700BF3622 /* Sources */,
				7DFFB2AA2D918EA700BF3622 /* Frameworks */,
				7DFFB2AB2D918EA700BF3622 /* Resources */,
			);
			buildRules = (
			);
			dependencies = (
				7DFFB2AF2D918EA700BF3622 /* PBXTargetDependency */,
			);
			fileSystemSynchronizedGroups = (
				7DFFB2B02D918EA700BF3622 /* TodoDemoAppTests */,
			);
			name = TodoDemoAppTests;
			packageProductDependencies = (
			);
			productName = TodoDemoAppTests;
			productReference = 7DFFB2AD2D918EA700BF3622 /* TodoDemoAppTests.xctest */;
			productType = "com.apple.product-type.bundle.unit-test";
		};
		7DFFB2B62D918EA700BF3622 /* TodoDemoAppUITests */ = {
			isa = PBXNativeTarget;
			buildConfigurationList = 7DFFB2C72D918EA700BF3622 /* Build configuration list for PBXNativeTarget "TodoDemoAppUITests" */;
			buildPhases = (
				7DFFB2B32D918EA700BF3622 /* Sources */,
				7DFFB2B42D918EA700BF3622 /* Frameworks */,
				7DFFB2B52D918EA700BF3622 /* Resources */,
			);
			buildRules = (
			);
			dependencies = (
				7DFFB2B92D918EA700BF3622 /* PBXTargetDependency */,
			);
			fileSystemSynchronizedGroups = (
				7DFFB2BA2D918EA700BF3622 /* TodoDemoAppUITests */,
			);
			name = TodoDemoAppUITests;
			packageProductDependencies = (
			);
			productName = TodoDemoAppUITests;
			productReference = 7DFFB2B72D918EA700BF3622 /* TodoDemoAppUITests.xctest */;
			productType = "com.apple.product-type.bundle.ui-testing";
		};
/* End PBXNativeTarget section */

/* Begin PBXProject section */
		7DFFB2932D918EA500BF3622 /* Project object */ = {
			isa = PBXProject;
			attributes = {
				BuildIndependentTargetsInParallel = 1;
				LastSwiftUpdateCheck = 1610;
				LastUpgradeCheck = 1610;
				TargetAttributes = {
					7DFFB29A2D918EA500BF3622 = {
						CreatedOnToolsVersion = 16.1;
					};
					7DFFB2AC2D918EA700BF3622 = {
						CreatedOnToolsVersion = 16.1;
						TestTargetID = 7DFFB29A2D918EA500BF3622;
					};
					7DFFB2B62D918EA700BF3622 = {
						CreatedOnToolsVersion = 16.1;
						TestTargetID = 7DFFB29A2D918EA500BF3622;
					};
				};
			};
			buildConfigurationList = 7DFFB2962D918EA500BF3622 /* Build configuration list for PBXProject "TodoDemoApp" */;
			developmentRegion = en;
			hasScannedForEncodings = 0;
			knownRegions = (
				en,
				Base,
			);
			mainGroup = 7DFFB2922D918EA500BF3622;
			minimizedProjectReferenceProxies = 1;
			preferredProjectObjectVersion = 77;
			productRefGroup = 7DFFB29C2D918EA500BF3622 /* Products */;
			projectDirPath = "";
			projectRoot = "";
			targets = (
				7DFFB29A2D918EA500BF3622 /* TodoDemoApp */,
				7DFFB2AC2D918EA700BF3622 /* TodoDemoAppTests */,
				7DFFB2B62D918EA700BF3622 /* TodoDemoAppUITests */,
			);
		};
/* End PBXProject section */

/* Begin PBXResourcesBuildPhase section */
		7DFFB2992D918EA500BF3622 /* Resources */ = {
			isa = PBXResourcesBuildPhase;
			buildActionMask = 2147483647;
			files = (
			);
			runOnlyForDeploymentPostprocessing = 0;
		};
		7DFFB2AB2D918EA700BF3622 /* Resources */ = {
			isa = PBXResourcesBuildPhase;
			buildActionMask = 2147483647;
			files = (
			);
			runOnlyForDeploymentPostprocessing = 0;
		};
		7DFFB2B52D918EA700BF3622 /* Resources */ = {
			isa = PBXResourcesBuildPhase;
			buildActionMask = 2147483647;
			files = (
			);
			runOnlyForDeploymentPostprocessing = 0;
		};
/* End PBXResourcesBuildPhase section */

/* Begin PBXSourcesBuildPhase section */
		7DFFB2972D918EA500BF3622 /* Sources */ = {
			isa = PBXSourcesBuildPhase;
			buildActionMask = 2147483647;
			files = (
			);
			runOnlyForDeploymentPostprocessing = 0;
		};
		7DFFB2A92D918EA700BF3622 /* Sources */ = {
			isa = PBXSourcesBuildPhase;
			buildActionMask = 2147483647;
			files = (
			);
			runOnlyForDeploymentPostprocessing = 0;
		};
		7DFFB2B32D918EA700BF3622 /* Sources */ = {
			isa = PBXSourcesBuildPhase;
			buildActionMask = 2147483647;
			files = (
			);
			runOnlyForDeploymentPostprocessing = 0;
		};
/* End PBXSourcesBuildPhase section */

/* Begin PBXTargetDependency section */
		7DFFB2AF2D918EA700BF3622 /* PBXTargetDependency */ = {
			isa = PBXTargetDependency;
			target = 7DFFB29A2D918EA500BF3622 /* TodoDemoApp */;
			targetProxy = 7DFFB2AE2D918EA700BF3622 /* PBXContainerItemProxy */;
		};
		7DFFB2B92D918EA700BF3622 /* PBXTargetDependency */ = {
			isa = PBXTargetDependency;
			target = 7DFFB29A2D918EA500BF3622 /* TodoDemoApp */;
			targetProxy = 7DFFB2B82D918EA700BF3622 /* PBXContainerItemProxy */;
		};
/* End PBXTargetDependency section */

/* Begin XCBuildConfiguration section */
		7DFFB2BF2D918EA700BF3622 /* Debug */ = {
			isa = XCBuildConfiguration;
			buildSettings = {
				ALWAYS_SEARCH_USER_PATHS = NO;
				ASSETCATALOG_COMPILER_GENERATE_SWIFT_ASSET_SYMBOL_EXTENSIONS = YES;
				CLANG_ANALYZER_NONNULL = YES;
				CLANG_ANALYZER_NUMBER_OBJECT_CONVERSION = YES_AGGRESSIVE;
				CLANG_CXX_LANGUAGE_STANDARD = "gnu++20";
				CLANG_ENABLE_MODULES = YES;
				CLANG_ENABLE_OBJC_ARC = YES;
				CLANG_ENABLE_OBJC_WEAK = YES;
				CLANG_WARN_BLOCK_CAPTURE_AUTORELEASING = YES;
				CLANG_WARN_BOOL_CONVERSION = YES;
				CLANG_WARN_COMMA = YES;
				CLANG_WARN_CONSTANT_CONVERSION = YES;
				CLANG_WARN_DEPRECATED_OBJC_IMPLEMENTATIONS = YES;
				CLANG_WARN_DIRECT_OBJC_ISA_USAGE = YES_ERROR;
				CLANG_WARN_DOCUMENTATION_COMMENTS = YES;
				CLANG_WARN_EMPTY_BODY = YES;
				CLANG_WARN_ENUM_CONVERSION = YES;
				CLANG_WARN_INFINITE_RECURSION = YES;
				CLANG_WARN_INT_CONVERSION = YES;
				CLANG_WARN_NON_LITERAL_NULL_CONVERSION = YES;
				CLANG_WARN_OBJC_IMPLICIT_RETAIN_SELF = YES;
				CLANG_WARN_OBJC_LITERAL_CONVERSION = YES;
				CLANG_WARN_OBJC_ROOT_CLASS = YES_ERROR;
				CLANG_WARN_QUOTED_INCLUDE_IN_FRAMEWORK_HEADER = YES;
				CLANG_WARN_RANGE_LOOP_ANALYSIS = YES;
				CLANG_WARN_STRICT_PROTOTYPES = YES;
				CLANG_WARN_SUSPICIOUS_MOVE = YES;
				CLANG_WARN_UNGUARDED_AVAILABILITY = YES_AGGRESSIVE;
				CLANG_WARN_UNREACHABLE_CODE = YES;
				CLANG_WARN__DUPLICATE_METHOD_MATCH = YES;
				COPY_PHASE_STRIP = NO;
				DEBUG_INFORMATION_FORMAT = dwarf;
				ENABLE_STRICT_OBJC_MSGSEND = YES;
				ENABLE_TESTABILITY = YES;
				ENABLE_USER_SCRIPT_SANDBOXING = YES;
				GCC_C_LANGUAGE_STANDARD = gnu17;
				GCC_DYNAMIC_NO_PIC = NO;
				GCC_NO_COMMON_BLOCKS = YES;
				GCC_OPTIMIZATION_LEVEL = 0;
				GCC_PREPROCESSOR_DEFINITIONS = (
					"DEBUG=1",
					"$(inherited)",
				);
				GCC_WARN_64_TO_32_BIT_CONVERSION = YES;
				GCC_WARN_ABOUT_RETURN_TYPE = YES_ERROR;
				GCC_WARN_UNDECLARED_SELECTOR = YES;
				GCC_WARN_UNINITIALIZED_AUTOS = YES_AGGRESSIVE;
				GCC_WARN_UNUSED_FUNCTION = YES;
				GCC_WARN_UNUSED_VARIABLE = YES;
				IPHONEOS_DEPLOYMENT_TARGET = 18.1;
				LOCALIZATION_PREFERS_STRING_CATALOGS = YES;
				MTL_ENABLE_DEBUG_INFO = INCLUDE_SOURCE;
				MTL_FAST_MATH = YES;
				ONLY_ACTIVE_ARCH = YES;
				SDKROOT = iphoneos;
				SWIFT_ACTIVE_COMPILATION_CONDITIONS = "DEBUG $(inherited)";
				SWIFT_OPTIMIZATION_LEVEL = "-Onone";
			};
			name = Debug;
		};
		7DFFB2C02D918EA700BF3622 /* Release */ = {
			isa = XCBuildConfiguration;
			buildSettings = {
				ALWAYS_SEARCH_USER_PATHS = NO;
				ASSETCATALOG_COMPILER_GENERATE_SWIFT_ASSET_SYMBOL_EXTENSIONS = YES;
				CLANG_ANALYZER_NONNULL = YES;
				CLANG_ANALYZER_NUMBER_OBJECT_CONVERSION = YES_AGGRESSIVE;
				CLANG_CXX_LANGUAGE_STANDARD = "gnu++20";
				CLANG_ENABLE_MODULES = YES;
				CLANG_ENABLE_OBJC_ARC = YES;
				CLANG_ENABLE_OBJC_WEAK = YES;
				CLANG_WARN_BLOCK_CAPTURE_AUTORELEASING = YES;
				CLANG_WARN_BOOL_CONVERSION = YES;
				CLANG_WARN_COMMA = YES;
				CLANG_WARN_CONSTANT_CONVERSION = YES;
				CLANG_WARN_DEPRECATED_OBJC_IMPLEMENTATIONS = YES;
				CLANG_WARN_DIRECT_OBJC_ISA_USAGE = YES_ERROR;
				CLANG_WARN_DOCUMENTATION_COMMENTS = YES;
				CLANG_WARN_EMPTY_BODY = YES;
				CLANG_WARN_ENUM_CONVERSION = YES;
				CLANG_WARN_INFINITE_RECURSION = YES;
				CLANG_WARN_INT_CONVERSION = YES;
				CLANG_WARN_NON_LITERAL_NULL_CONVERSION = YES;
				CLANG_WARN_OBJC_IMPLICIT_RETAIN_SELF = YES;
				CLANG_WARN_OBJC_LITERAL_CONVERSION = YES;
				CLANG_WARN_OBJC_ROOT_CLASS = YES_ERROR;
				CLANG_WARN_QUOTED_INCLUDE_IN_FRAMEWORK_HEADER = YES;
				CLANG_WARN_RANGE_LOOP_ANALYSIS = YES;
				CLANG_WARN_STRICT_PROTOTYPES = YES;
				CLANG_WARN_SUSPICIOUS_MOVE = YES;
				CLANG_WARN_UNGUARDED_AVAILABILITY = YES_AGGRESSIVE;
				CLANG_WARN_UNREACHABLE_CODE = YES;
				CLANG_WARN__DUPLICATE_METHOD_MATCH = YES;
				COPY_PHASE_STRIP = NO;
				DEBUG_INFORMATION_FORMAT = "dwarf-with-dsym";
				ENABLE_NS_ASSERTIONS = NO;
				ENABLE_STRICT_OBJC_MSGSEND = YES;
				ENABLE_USER_SCRIPT_SANDBOXING = YES;
				GCC_C_LANGUAGE_STANDARD = gnu17;
				GCC_NO_COMMON_BLOCKS = YES;
				GCC_WARN_64_TO_32_BIT_CONVERSION = YES;
				GCC_WARN_ABOUT_RETURN_TYPE = YES_ERROR;
				GCC_WARN_UNDECLARED_SELECTOR = YES;
				GCC_WARN_UNINITIALIZED_AUTOS = YES_AGGRESSIVE;
				GCC_WARN_UNUSED_FUNCTION = YES;
				GCC_WARN_UNUSED_VARIABLE = YES;
				IPHONEOS_DEPLOYMENT_TARGET = 18.1;
				LOCALIZATION_PREFERS_STRING_CATALOGS = YES;
				MTL_ENABLE_DEBUG_INFO = NO;
				MTL_FAST_MATH = YES;
				SDKROOT = iphoneos;
				SWIFT_COMPILATION_MODE = wholemodule;
				VALIDATE_PRODUCT = YES;
			};
			name = Release;
		};
		7DFFB2C22D918EA700BF3622 /* Debug */ = {
			isa = XCBuildConfiguration;
			buildSettings = {
				ASSETCATALOG_COMPILER_APPICON_NAME = AppIcon;
				ASSETCATALOG_COMPILER_GLOBAL_ACCENT_COLOR_NAME = AccentColor;
				CODE_SIGN_STYLE = Automatic;
				CURRENT_PROJECT_VERSION = 1;
				DEVELOPMENT_ASSET_PATHS = "\"TodoDemoApp/Preview Content\"";
				ENABLE_PREVIEWS = YES;
				GENERATE_INFOPLIST_FILE = YES;
				INFOPLIST_KEY_UIApplicationSceneManifest_Generation = YES;
				INFOPLIST_KEY_UIApplicationSupportsIndirectInputEvents = YES;
				INFOPLIST_KEY_UILaunchScreen_Generation = YES;
				INFOPLIST_KEY_UISupportedInterfaceOrientations_iPad = "UIInterfaceOrientationPortrait UIInterfaceOrientationPortraitUpsideDown UIInterfaceOrientationLandscapeLeft UIInterfaceOrientationLandscapeRight";
				INFOPLIST_KEY_UISupportedInterfaceOrientations_iPhone = "UIInterfaceOrientationPortrait UIInterfaceOrientationLandscapeLeft UIInterfaceOrientationLandscapeRight";
				LD_RUNPATH_SEARCH_PATHS = (
					"$(inherited)",
					"@executable_path/Frameworks",
				);
				MARKETING_VERSION = 1.0;
				PRODUCT_BUNDLE_IDENTIFIER = com.myapp.TodoDemoApp;
				PRODUCT_NAME = "$(TARGET_NAME)";
				SWIFT_EMIT_LOC_STRINGS = YES;
				SWIFT_VERSION = 5.0;
				TARGETED_DEVICE_FAMILY = "1,2";
			};
			name = Debug;
		};
		7DFFB2C32D918EA700BF3622 /* Release */ = {
			isa = XCBuildConfiguration;
			buildSettings = {
				ASSETCATALOG_COMPILER_APPICON_NAME = AppIcon;
				ASSETCATALOG_COMPILER_GLOBAL_ACCENT_COLOR_NAME = AccentColor;
				CODE_SIGN_STYLE = Automatic;
				CURRENT_PROJECT_VERSION = 1;
				DEVELOPMENT_ASSET_PATHS = "\"TodoDemoApp/Preview Content\"";
				ENABLE_PREVIEWS = YES;
				GENERATE_INFOPLIST_FILE = YES;
				INFOPLIST_KEY_UIApplicationSceneManifest_Generation = YES;
				INFOPLIST_KEY_UIApplicationSupportsIndirectInputEvents = YES;
				INFOPLIST_KEY_UILaunchScreen_Generation = YES;
				INFOPLIST_KEY_UISupportedInterfaceOrientations_iPad = "UIInterfaceOrientationPortrait UIInterfaceOrientationPortraitUpsideDown UIInterfaceOrientationLandscapeLeft UIInterfaceOrientationLandscapeRight";
				INFOPLIST_KEY_UISupportedInterfaceOrientations_iPhone = "UIInterfaceOrientationPortrait UIInterfaceOrientationLandscapeLeft UIInterfaceOrientationLandscapeRight";
				LD_RUNPATH_SEARCH_PATHS = (
					"$(inherited)",
					"@executable_path/Frameworks",
				);
				MARKETING_VERSION = 1.0;
				PRODUCT_BUNDLE_IDENTIFIER = com.myapp.TodoDemoApp;
				PRODUCT_NAME = "$(TARGET_NAME)";
				SWIFT_EMIT_LOC_STRINGS = YES;
				SWIFT_VERSION = 5.0;
				TARGETED_DEVICE_FAMILY = "1,2";
			};
			name = Release;
		};
		7DFFB2C52D918EA700BF3622 /* Debug */ = {
			isa = XCBuildConfiguration;
			buildSettings = {
				BUNDLE_LOADER = "$(TEST_HOST)";
				CODE_SIGN_STYLE = Automatic;
				CURRENT_PROJECT_VERSION = 1;
				GENERATE_INFOPLIST_FILE = YES;
				IPHONEOS_DEPLOYMENT_TARGET = 18.1;
				MARKETING_VERSION = 1.0;
				PRODUCT_BUNDLE_IDENTIFIER = com.myapp.TodoDemoAppTests;
				PRODUCT_NAME = "$(TARGET_NAME)";
				SWIFT_EMIT_LOC_STRINGS = NO;
				SWIFT_VERSION = 5.0;
				TARGETED_DEVICE_FAMILY = "1,2";
				TEST_HOST = "$(BUILT_PRODUCTS_DIR)/TodoDemoApp.app/$(BUNDLE_EXECUTABLE_FOLDER_PATH)/TodoDemoApp";
			};
			name = Debug;
		};
		7DFFB2C62D918EA700BF3622 /* Release */ = {
			isa = XCBuildConfiguration;
			buildSettings = {
				BUNDLE_LOADER = "$(TEST_HOST)";
				CODE_SIGN_STYLE = Automatic;
				CURRENT_PROJECT_VERSION = 1;
				GENERATE_INFOPLIST_FILE = YES;
				IPHONEOS_DEPLOYMENT_TARGET = 18.1;
				MARKETING_VERSION = 1.0;
				PRODUCT_BUNDLE_IDENTIFIER = com.myapp.TodoDemoAppTests;
				PRODUCT_NAME = "$(TARGET_NAME)";
				SWIFT_EMIT_LOC_STRINGS = NO;
				SWIFT_VERSION = 5.0;
				TARGETED_DEVICE_FAMILY = "1,2";
				TEST_HOST = "$(BUILT_PRODUCTS_DIR)/TodoDemoApp.app/$(BUNDLE_EXECUTABLE_FOLDER_PATH)/TodoDemoApp";
			};
			name = Release;
		};
		7DFFB2C82D918EA700BF3622 /* Debug */ = {
			isa = XCBuildConfiguration;
			buildSettings = {
				CODE_SIGN_STYLE = Automatic;
				CURRENT_PROJECT_VERSION = 1;
				GENERATE_INFOPLIST_FILE = YES;
				MARKETING_VERSION = 1.0;
				PRODUCT_BUNDLE_IDENTIFIER = com.myapp.TodoDemoAppUITests;
				PRODUCT_NAME = "$(TARGET_NAME)";
				SWIFT_EMIT_LOC_STRINGS = NO;
				SWIFT_VERSION = 5.0;
				TARGETED_DEVICE_FAMILY = "1,2";
				TEST_TARGET_NAME = TodoDemoApp;
			};
			name = Debug;
		};
		7DFFB2C92D918EA700BF3622 /* Release */ = {
			isa = XCBuildConfiguration;
			buildSettings = {
				CODE_SIGN_STYLE = Automatic;
				CURRENT_PROJECT_VERSION = 1;
				GENERATE_INFOPLIST_FILE = YES;
				MARKETING_VERSION = 1.0;
				PRODUCT_BUNDLE_IDENTIFIER = com.myapp.TodoDemoAppUITests;
				PRODUCT_NAME = "$(TARGET_NAME)";
				SWIFT_EMIT_LOC_STRINGS = NO;
				SWIFT_VERSION = 5.0;
				TARGETED_DEVICE_FAMILY = "1,2";
				TEST_TARGET_NAME = TodoDemoApp;
			};
			name = Release;
		};
/* End XCBuildConfiguration section */

/* Begin XCConfigurationList section */
		7DFFB2962D918EA500BF3622 /* Build configuration list for PBXProject "TodoDemoApp" */ = {
			isa = XCConfigurationList;
			buildConfigurations = (
				7DFFB2BF2D918EA700BF3622 /* Debug */,
				7DFFB2C02D918EA700BF3622 /* Release */,
			);
			defaultConfigurationIsVisible = 0;
			defaultConfigurationName = Release;
		};
		7DFFB2C12D918EA700BF3622 /* Build configuration list for PBXNativeTarget "TodoDemoApp" */ = {
			isa = XCConfigurationList;
			buildConfigurations = (
				7DFFB2C22D918EA700BF3622 /* Debug */,
				7DFFB2C32D918EA700BF3622 /* Release */,
			);
			defaultConfigurationIsVisible = 0;
			defaultConfigurationName = Release;
		};
		7DFFB2C42D918EA700BF3622 /* Build configuration list for PBXNativeTarget "TodoDemoAppTests" */ = {
			isa = XCConfigurationList;
			buildConfigurations = (
				7DFFB2C52D918EA700BF3622 /* Debug */,
				7DFFB2C62D918EA700BF3622 /* Release */,
			);
			defaultConfigurationIsVisible = 0;
			defaultConfigurationName = Release;
		};
		7DFFB2C72D918EA700BF3622 /* Build configuration list for PBXNativeTarget "TodoDemoAppUITests" */ = {
			isa = XCConfigurationList;
			buildConfigurations = (
				7DFFB2C82D918EA700BF3622 /* Debug */,
				7DFFB2C92D918EA700BF3622 /* Release */,
			);
			defaultConfigurationIsVisible = 0;
			defaultConfigurationName = Release;
		};
/* End XCConfigurationList section */
	};
	rootObject = 7DFFB2932D918EA500BF3622 /* Project object */;
}
