// !$*UTF8*$!
{
	archiveVersion = 1;
	classes = {
	};
	objectVersion = 77;
	objects = {

/* Begin PBXBuildFile section */
		15C8ACE52D9E9AD5004A09F3 /* AppDelegate.swift in Sources */ = {isa = PBXBuildFile; fileRef = 15C8ACE42D9E9AD5004A09F3 /* AppDelegate.swift */; };
		15C8ACE72D9E9AD5004A09F3 /* SceneDelegate.swift in Sources */ = {isa = PBXBuildFile; fileRef = 15C8ACE62D9E9AD5004A09F3 /* SceneDelegate.swift */; };
		15C8ACEB2D9E9ADD004A09F3 /* Assets.xcassets in Resources */ = {isa = PBXBuildFile; fileRef = 15C8ACEA2D9E9ADD004A09F3 /* Assets.xcassets */; };
		15C8ACEE2D9E9ADD004A09F3 /* Preview Assets.xcassets in Resources */ = {isa = PBXBuildFile; fileRef = 15C8ACED2D9E9ADD004A09F3 /* Preview Assets.xcassets */; };
		15C8ACF12D9E9ADD004A09F3 /* LaunchScreen.storyboard in Resources */ = {isa = PBXBuildFile; fileRef = 15C8ACEF2D9E9ADD004A09F3 /* LaunchScreen.storyboard */; };
		2E2D1149EACC2D98AE3CA897 /* Pods_SampleiOSApp.framework in Frameworks */ = {isa = PBXBuildFile; fileRef = 05203CCD0FA2D0FB40C97C38 /* Pods_SampleiOSApp.framework */; };
		7EF1AE0C2D5CE42E0B891AEA /* libPods-SampleiOSAppTests.a in Frameworks */ = {isa = PBXBuildFile; fileRef = FF521D605479F8F03A130701 /* libPods-SampleiOSAppTests.a */; };
/* End PBXBuildFile section */

/* Begin PBXContainerItemProxy section */
		7D506BDF2DA3BF35003C0688 /* PBXContainerItemProxy */ = {
			isa = PBXContainerItemProxy;
			containerPortal = 15C8ACD92D9E9AD5004A09F3 /* Project object */;
			proxyType = 1;
			remoteGlobalIDString = 15C8ACE02D9E9AD5004A09F3;
			remoteInfo = SampleiOSApp;
		};
		7D506BF22DA3C1CD003C0688 /* PBXContainerItemProxy */ = {
			isa = PBXContainerItemProxy;
			containerPortal = 15C8ACD92D9E9AD5004A09F3 /* Project object */;
			proxyType = 1;
			remoteGlobalIDString = 15C8ACE02D9E9AD5004A09F3;
			remoteInfo = SampleiOSApp;
		};
/* End PBXContainerItemProxy section */

/* Begin PBXFileReference section */
		05203CCD0FA2D0FB40C97C38 /* Pods_SampleiOSApp.framework */ = {isa = PBXFileReference; explicitFileType = wrapper.framework; includeInIndex = 0; path = Pods_SampleiOSApp.framework; sourceTree = BUILT_PRODUCTS_DIR; };
		15C8ACE12D9E9AD5004A09F3 /* SampleiOSApp.app */ = {isa = PBXFileReference; explicitFileType = wrapper.application; includeInIndex = 0; path = SampleiOSApp.app; sourceTree = BUILT_PRODUCTS_DIR; };
		15C8ACE42D9E9AD5004A09F3 /* AppDelegate.swift */ = {isa = PBXFileReference; lastKnownFileType = sourcecode.swift; path = AppDelegate.swift; sourceTree = "<group>"; };
		15C8ACE62D9E9AD5004A09F3 /* SceneDelegate.swift */ = {isa = PBXFileReference; lastKnownFileType = sourcecode.swift; path = SceneDelegate.swift; sourceTree = "<group>"; };
		15C8ACEA2D9E9ADD004A09F3 /* Assets.xcassets */ = {isa = PBXFileReference; lastKnownFileType = folder.assetcatalog; path = Assets.xcassets; sourceTree = "<group>"; };
		15C8ACED2D9E9ADD004A09F3 /* Preview Assets.xcassets */ = {isa = PBXFileReference; lastKnownFileType = folder.assetcatalog; path = "Preview Assets.xcassets"; sourceTree = "<group>"; };
		15C8ACF02D9E9ADD004A09F3 /* Base */ = {isa = PBXFileReference; lastKnownFileType = file.storyboard; name = Base; path = Base.lproj/LaunchScreen.storyboard; sourceTree = "<group>"; };
		15C8ACF22D9E9ADD004A09F3 /* Info.plist */ = {isa = PBXFileReference; lastKnownFileType = text.plist.xml; path = Info.plist; sourceTree = "<group>"; };
		6D76882A8EB860DCB696A884 /* Pods-SampleiOSAppTests.debug.xcconfig */ = {isa = PBXFileReference; includeInIndex = 1; lastKnownFileType = text.xcconfig; name = "Pods-SampleiOSAppTests.debug.xcconfig"; path = "Target Support Files/Pods-SampleiOSAppTests/Pods-SampleiOSAppTests.debug.xcconfig"; sourceTree = "<group>"; };
		6ECA99490DB81AE66EA248E9 /* Pods-SampleiOSApp-SampleiOSAppTests.debug.xcconfig */ = {isa = PBXFileReference; includeInIndex = 1; lastKnownFileType = text.xcconfig; name = "Pods-SampleiOSApp-SampleiOSAppTests.debug.xcconfig"; path = "Target Support Files/Pods-SampleiOSApp-SampleiOSAppTests/Pods-SampleiOSApp-SampleiOSAppTests.debug.xcconfig"; sourceTree = "<group>"; };
		7D506BDB2DA3BF35003C0688 /* SampleiOSAppTests.xctest */ = {isa = PBXFileReference; explicitFileType = wrapper.cfbundle; includeInIndex = 0; path = SampleiOSAppTests.xctest; sourceTree = BUILT_PRODUCTS_DIR; };
		7D506BEC2DA3C1CD003C0688 /* SampleiOSAppUITests.xctest */ = {isa = PBXFileReference; explicitFileType = wrapper.cfbundle; includeInIndex = 0; path = SampleiOSAppUITests.xctest; sourceTree = BUILT_PRODUCTS_DIR; };
		DE64677CBEDFF0B8DFC87BD5 /* Pods-SampleiOSApp-SampleiOSAppTests.release.xcconfig */ = {isa = PBXFileReference; includeInIndex = 1; lastKnownFileType = text.xcconfig; name = "Pods-SampleiOSApp-SampleiOSAppTests.release.xcconfig"; path = "Target Support Files/Pods-SampleiOSApp-SampleiOSAppTests/Pods-SampleiOSApp-SampleiOSAppTests.release.xcconfig"; sourceTree = "<group>"; };
		E0555919F0499D1262BAA33C /* Pods-SampleiOSAppTests.release.xcconfig */ = {isa = PBXFileReference; includeInIndex = 1; lastKnownFileType = text.xcconfig; name = "Pods-SampleiOSAppTests.release.xcconfig"; path = "Target Support Files/Pods-SampleiOSAppTests/Pods-SampleiOSAppTests.release.xcconfig"; sourceTree = "<group>"; };
		F01400B3AC921FB09D964D57 /* Pods-SampleiOSApp.release.xcconfig */ = {isa = PBXFileReference; includeInIndex = 1; lastKnownFileType = text.xcconfig; name = "Pods-SampleiOSApp.release.xcconfig"; path = "Target Support Files/Pods-SampleiOSApp/Pods-SampleiOSApp.release.xcconfig"; sourceTree = "<group>"; };
		F022E8999E76F0A26714B3DE /* Pods-SampleiOSApp.debug.xcconfig */ = {isa = PBXFileReference; includeInIndex = 1; lastKnownFileType = text.xcconfig; name = "Pods-SampleiOSApp.debug.xcconfig"; path = "Target Support Files/Pods-SampleiOSApp/Pods-SampleiOSApp.debug.xcconfig"; sourceTree = "<group>"; };
		FF521D605479F8F03A130701 /* libPods-SampleiOSAppTests.a */ = {isa = PBXFileReference; explicitFileType = archive.ar; includeInIndex = 0; path = "libPods-SampleiOSAppTests.a"; sourceTree = BUILT_PRODUCTS_DIR; };
/* End PBXFileReference section */

/* Begin PBXFileSystemSynchronizedRootGroup section */
		7D506BDC2DA3BF35003C0688 /* SampleiOSAppTests */ = {
			isa = PBXFileSystemSynchronizedRootGroup;
			path = SampleiOSAppTests;
			sourceTree = "<group>";
		};
		7D506BED2DA3C1CD003C0688 /* SampleiOSAppUITests */ = {
			isa = PBXFileSystemSynchronizedRootGroup;
			path = SampleiOSAppUITests;
			sourceTree = "<group>";
		};
		7D51E3122DA3D3990068C5A0 /* Login */ = {
			isa = PBXFileSystemSynchronizedRootGroup;
			path = Login;
			sourceTree = "<group>";
		};
		7D5DD6212DAFB713009D752C /* Model */ = {
			isa = PBXFileSystemSynchronizedRootGroup;
			path = Model;
			sourceTree = "<group>";
		};
/* End PBXFileSystemSynchronizedRootGroup section */

/* Begin PBXFrameworksBuildPhase section */
		15C8ACDE2D9E9AD5004A09F3 /* Frameworks */ = {
			isa = PBXFrameworksBuildPhase;
			buildActionMask = 2147483647;
			files = (
				2E2D1149EACC2D98AE3CA897 /* Pods_SampleiOSApp.framework in Frameworks */,
			);
			runOnlyForDeploymentPostprocessing = 0;
		};
		7D506BD82DA3BF35003C0688 /* Frameworks */ = {
			isa = PBXFrameworksBuildPhase;
			buildActionMask = 2147483647;
			files = (
				7EF1AE0C2D5CE42E0B891AEA /* libPods-SampleiOSAppTests.a in Frameworks */,
			);
			runOnlyForDeploymentPostprocessing = 0;
		};
		7D506BE92DA3C1CD003C0688 /* Frameworks */ = {
			isa = PBXFrameworksBuildPhase;
			buildActionMask = 2147483647;
			files = (
			);
			runOnlyForDeploymentPostprocessing = 0;
		};
/* End PBXFrameworksBuildPhase section */

/* Begin PBXGroup section */
		15C8ACD82D9E9AD5004A09F3 = {
			isa = PBXGroup;
			children = (
				15C8ACE32D9E9AD5004A09F3 /* SampleiOSApp */,
				7D506BDC2DA3BF35003C0688 /* SampleiOSAppTests */,
				7D506BED2DA3C1CD003C0688 /* SampleiOSAppUITests */,
				15C8ACE22D9E9AD5004A09F3 /* Products */,
				3004E8CE96E0FAC83DD7B686 /* Pods */,
				229D6D6896BE489CA508E33E /* Frameworks */,
			);
			sourceTree = "<group>";
		};
		15C8ACE22D9E9AD5004A09F3 /* Products */ = {
			isa = PBXGroup;
			children = (
				15C8ACE12D9E9AD5004A09F3 /* SampleiOSApp.app */,
				7D506BDB2DA3BF35003C0688 /* SampleiOSAppTests.xctest */,
				7D506BEC2DA3C1CD003C0688 /* SampleiOSAppUITests.xctest */,
			);
			name = Products;
			sourceTree = "<group>";
		};
		15C8ACE32D9E9AD5004A09F3 /* SampleiOSApp */ = {
			isa = PBXGroup;
			children = (
				15C8ACE42D9E9AD5004A09F3 /* AppDelegate.swift */,
				15C8ACE62D9E9AD5004A09F3 /* SceneDelegate.swift */,
				7D5DD6212DAFB713009D752C /* Model */,
				7D51E3122DA3D3990068C5A0 /* Login */,
				15C8ACEA2D9E9ADD004A09F3 /* Assets.xcassets */,
				15C8ACEF2D9E9ADD004A09F3 /* LaunchScreen.storyboard */,
				15C8ACF22D9E9ADD004A09F3 /* Info.plist */,
				15C8ACEC2D9E9ADD004A09F3 /* Preview Content */,
			);
			path = SampleiOSApp;
			sourceTree = "<group>";
		};
		15C8ACEC2D9E9ADD004A09F3 /* Preview Content */ = {
			isa = PBXGroup;
			children = (
				15C8ACED2D9E9ADD004A09F3 /* Preview Assets.xcassets */,
			);
			path = "Preview Content";
			sourceTree = "<group>";
		};
		229D6D6896BE489CA508E33E /* Frameworks */ = {
			isa = PBXGroup;
			children = (
				05203CCD0FA2D0FB40C97C38 /* Pods_SampleiOSApp.framework */,
				FF521D605479F8F03A130701 /* libPods-SampleiOSAppTests.a */,
			);
			name = Frameworks;
			sourceTree = "<group>";
		};
		3004E8CE96E0FAC83DD7B686 /* Pods */ = {
			isa = PBXGroup;
			children = (
				F022E8999E76F0A26714B3DE /* Pods-SampleiOSApp.debug.xcconfig */,
				F01400B3AC921FB09D964D57 /* Pods-SampleiOSApp.release.xcconfig */,
				6D76882A8EB860DCB696A884 /* Pods-SampleiOSAppTests.debug.xcconfig */,
				E0555919F0499D1262BAA33C /* Pods-SampleiOSAppTests.release.xcconfig */,
				6ECA99490DB81AE66EA248E9 /* Pods-SampleiOSApp-SampleiOSAppTests.debug.xcconfig */,
				DE64677CBEDFF0B8DFC87BD5 /* Pods-SampleiOSApp-SampleiOSAppTests.release.xcconfig */,
			);
			path = Pods;
			sourceTree = "<group>";
		};
/* End PBXGroup section */

/* Begin PBXNativeTarget section */
		15C8ACE02D9E9AD5004A09F3 /* SampleiOSApp */ = {
			isa = PBXNativeTarget;
			buildConfigurationList = 15C8ACF52D9E9ADD004A09F3 /* Build configuration list for PBXNativeTarget "SampleiOSApp" */;
			buildPhases = (
				8BF4B644E05342F1BECAB042 /* [CP] Check Pods Manifest.lock */,
				15C8ACDD2D9E9AD5004A09F3 /* Sources */,
				15C8ACDE2D9E9AD5004A09F3 /* Frameworks */,
				15C8ACDF2D9E9AD5004A09F3 /* Resources */,
			);
			buildRules = (
			);
			dependencies = (
			);
			fileSystemSynchronizedGroups = (
				7D51E3122DA3D3990068C5A0 /* Login */,
				7D5DD6212DAFB713009D752C /* Model */,
			);
			name = SampleiOSApp;
			productName = SampleiOSApp;
			productReference = 15C8ACE12D9E9AD5004A09F3 /* SampleiOSApp.app */;
			productType = "com.apple.product-type.application";
		};
		7D506BDA2DA3BF35003C0688 /* SampleiOSAppTests */ = {
			isa = PBXNativeTarget;
			buildConfigurationList = 7D506BE12DA3BF35003C0688 /* Build configuration list for PBXNativeTarget "SampleiOSAppTests" */;
			buildPhases = (
				6EA02763DDF2463E5D2940AF /* [CP] Check Pods Manifest.lock */,
				7D506BD72DA3BF35003C0688 /* Sources */,
				7D506BD82DA3BF35003C0688 /* Frameworks */,
				7D506BD92DA3BF35003C0688 /* Resources */,
			);
			buildRules = (
			);
			dependencies = (
				7D506BE02DA3BF35003C0688 /* PBXTargetDependency */,
			);
			fileSystemSynchronizedGroups = (
				7D506BDC2DA3BF35003C0688 /* SampleiOSAppTests */,
			);
			name = SampleiOSAppTests;
			productName = SampleiOSAppTests;
			productReference = 7D506BDB2DA3BF35003C0688 /* SampleiOSAppTests.xctest */;
			productType = "com.apple.product-type.bundle.unit-test";
		};
		7D506BEB2DA3C1CD003C0688 /* SampleiOSAppUITests */ = {
			isa = PBXNativeTarget;
			buildConfigurationList = 7D506BF62DA3C1CD003C0688 /* Build configuration list for PBXNativeTarget "SampleiOSAppUITests" */;
			buildPhases = (
				7D506BE82DA3C1CD003C0688 /* Sources */,
				7D506BE92DA3C1CD003C0688 /* Frameworks */,
				7D506BEA2DA3C1CD003C0688 /* Resources */,
			);
			buildRules = (
			);
			dependencies = (
				7D506BF32DA3C1CD003C0688 /* PBXTargetDependency */,
			);
			fileSystemSynchronizedGroups = (
				7D506BED2DA3C1CD003C0688 /* SampleiOSAppUITests */,
			);
			name = SampleiOSAppUITests;
			productName = SampleiOSAppUITests;
			productReference = 7D506BEC2DA3C1CD003C0688 /* SampleiOSAppUITests.xctest */;
			productType = "com.apple.product-type.bundle.ui-testing";
		};
/* End PBXNativeTarget section */

/* Begin PBXProject section */
		15C8ACD92D9E9AD5004A09F3 /* Project object */ = {
			isa = PBXProject;
			attributes = {
				LastSwiftUpdateCheck = 1610;
				LastUpgradeCheck = 1130;
				ORGANIZATIONNAME = Girish;
				TargetAttributes = {
					15C8ACE02D9E9AD5004A09F3 = {
						CreatedOnToolsVersion = 11.3;
					};
					7D506BDA2DA3BF35003C0688 = {
						CreatedOnToolsVersion = 16.1;
						LastSwiftMigration = 1610;
						TestTargetID = 15C8ACE02D9E9AD5004A09F3;
					};
					7D506BEB2DA3C1CD003C0688 = {
						CreatedOnToolsVersion = 16.1;
						TestTargetID = 15C8ACE02D9E9AD5004A09F3;
					};
				};
			};
			buildConfigurationList = 15C8ACDC2D9E9AD5004A09F3 /* Build configuration list for PBXProject "SampleiOSApp" */;
			developmentRegion = en;
			hasScannedForEncodings = 0;
			knownRegions = (
				en,
				Base,
			);
			mainGroup = 15C8ACD82D9E9AD5004A09F3;
			preferredProjectObjectVersion = 77;
			productRefGroup = 15C8ACE22D9E9AD5004A09F3 /* Products */;
			projectDirPath = "";
			projectRoot = "";
			targets = (
				15C8ACE02D9E9AD5004A09F3 /* SampleiOSApp */,
				7D506BDA2DA3BF35003C0688 /* SampleiOSAppTests */,
				7D506BEB2DA3C1CD003C0688 /* SampleiOSAppUITests */,
			);
		};
/* End PBXProject section */

/* Begin PBXResourcesBuildPhase section */
		15C8ACDF2D9E9AD5004A09F3 /* Resources */ = {
			isa = PBXResourcesBuildPhase;
			buildActionMask = 2147483647;
			files = (
				15C8ACF12D9E9ADD004A09F3 /* LaunchScreen.storyboard in Resources */,
				15C8ACEE2D9E9ADD004A09F3 /* Preview Assets.xcassets in Resources */,
				15C8ACEB2D9E9ADD004A09F3 /* Assets.xcassets in Resources */,
			);
			runOnlyForDeploymentPostprocessing = 0;
		};
		7D506BD92DA3BF35003C0688 /* Resources */ = {
			isa = PBXResourcesBuildPhase;
			buildActionMask = 2147483647;
			files = (
			);
			runOnlyForDeploymentPostprocessing = 0;
		};
		7D506BEA2DA3C1CD003C0688 /* Resources */ = {
			isa = PBXResourcesBuildPhase;
			buildActionMask = 2147483647;
			files = (
			);
			runOnlyForDeploymentPostprocessing = 0;
		};
/* End PBXResourcesBuildPhase section */

/* Begin PBXShellScriptBuildPhase section */
		6EA02763DDF2463E5D2940AF /* [CP] Check Pods Manifest.lock */ = {
			isa = PBXShellScriptBuildPhase;
			buildActionMask = 2147483647;
			files = (
			);
			inputFileListPaths = (
			);
			inputPaths = (
				"${PODS_PODFILE_DIR_PATH}/Podfile.lock",
				"${PODS_ROOT}/Manifest.lock",
			);
			name = "[CP] Check Pods Manifest.lock";
			outputFileListPaths = (
			);
			outputPaths = (
				"$(DERIVED_FILE_DIR)/Pods-SampleiOSAppTests-checkManifestLockResult.txt",
			);
			runOnlyForDeploymentPostprocessing = 0;
			shellPath = /bin/sh;
			shellScript = "diff \"${PODS_PODFILE_DIR_PATH}/Podfile.lock\" \"${PODS_ROOT}/Manifest.lock\" > /dev/null\nif [ $? != 0 ] ; then\n    # print error to STDERR\n    echo \"error: The sandbox is not in sync with the Podfile.lock. Run 'pod install' or update your CocoaPods installation.\" >&2\n    exit 1\nfi\n# This output is used by Xcode 'outputs' to avoid re-running this script phase.\necho \"SUCCESS\" > \"${SCRIPT_OUTPUT_FILE_0}\"\n";
			showEnvVarsInLog = 0;
		};
		8BF4B644E05342F1BECAB042 /* [CP] Check Pods Manifest.lock */ = {
			isa = PBXShellScriptBuildPhase;
			buildActionMask = 2147483647;
			files = (
			);
			inputFileListPaths = (
			);
			inputPaths = (
				"${PODS_PODFILE_DIR_PATH}/Podfile.lock",
				"${PODS_ROOT}/Manifest.lock",
			);
			name = "[CP] Check Pods Manifest.lock";
			outputFileListPaths = (
			);
			outputPaths = (
				"$(DERIVED_FILE_DIR)/Pods-SampleiOSApp-checkManifestLockResult.txt",
			);
			runOnlyForDeploymentPostprocessing = 0;
			shellPath = /bin/sh;
			shellScript = "diff \"${PODS_PODFILE_DIR_PATH}/Podfile.lock\" \"${PODS_ROOT}/Manifest.lock\" > /dev/null\nif [ $? != 0 ] ; then\n    # print error to STDERR\n    echo \"error: The sandbox is not in sync with the Podfile.lock. Run 'pod install' or update your CocoaPods installation.\" >&2\n    exit 1\nfi\n# This output is used by Xcode 'outputs' to avoid re-running this script phase.\necho \"SUCCESS\" > \"${SCRIPT_OUTPUT_FILE_0}\"\n";
			showEnvVarsInLog = 0;
		};
/* End PBXShellScriptBuildPhase section */

/* Begin PBXSourcesBuildPhase section */
		15C8ACDD2D9E9AD5004A09F3 /* Sources */ = {
			isa = PBXSourcesBuildPhase;
			buildActionMask = 2147483647;
			files = (
				15C8ACE52D9E9AD5004A09F3 /* AppDelegate.swift in Sources */,
				15C8ACE72D9E9AD5004A09F3 /* SceneDelegate.swift in Sources */,
			);
			runOnlyForDeploymentPostprocessing = 0;
		};
		7D506BD72DA3BF35003C0688 /* Sources */ = {
			isa = PBXSourcesBuildPhase;
			buildActionMask = 2147483647;
			files = (
			);
			runOnlyForDeploymentPostprocessing = 0;
		};
		7D506BE82DA3C1CD003C0688 /* Sources */ = {
			isa = PBXSourcesBuildPhase;
			buildActionMask = 2147483647;
			files = (
			);
			runOnlyForDeploymentPostprocessing = 0;
		};
/* End PBXSourcesBuildPhase section */

/* Begin PBXTargetDependency section */
		7D506BE02DA3BF35003C0688 /* PBXTargetDependency */ = {
			isa = PBXTargetDependency;
			target = 15C8ACE02D9E9AD5004A09F3 /* SampleiOSApp */;
			targetProxy = 7D506BDF2DA3BF35003C0688 /* PBXContainerItemProxy */;
		};
		7D506BF32DA3C1CD003C0688 /* PBXTargetDependency */ = {
			isa = PBXTargetDependency;
			target = 15C8ACE02D9E9AD5004A09F3 /* SampleiOSApp */;
			targetProxy = 7D506BF22DA3C1CD003C0688 /* PBXContainerItemProxy */;
		};
/* End PBXTargetDependency section */

/* Begin PBXVariantGroup section */
		15C8ACEF2D9E9ADD004A09F3 /* LaunchScreen.storyboard */ = {
			isa = PBXVariantGroup;
			children = (
				15C8ACF02D9E9ADD004A09F3 /* Base */,
			);
			name = LaunchScreen.storyboard;
			sourceTree = "<group>";
		};
/* End PBXVariantGroup section */

/* Begin XCBuildConfiguration section */
		15C8ACF32D9E9ADD004A09F3 /* Debug */ = {
			isa = XCBuildConfiguration;
			buildSettings = {
				ALWAYS_SEARCH_USER_PATHS = NO;
				CLANG_ANALYZER_NONNULL = YES;
				CLANG_ANALYZER_NUMBER_OBJECT_CONVERSION = YES_AGGRESSIVE;
				CLANG_CXX_LANGUAGE_STANDARD = "gnu++14";
				CLANG_CXX_LIBRARY = "libc++";
				CLANG_ENABLE_MODULES = YES;
				CLANG_ENABLE_OBJC_ARC = YES;
				CLANG_ENABLE_OBJC_WEAK = YES;
				CLANG_WARN_BLOCK_CAPTURE_AUTORELEASING = YES;
				CLANG_WARN_BOOL_CONVERSION = YES;
				CLANG_WARN_COMMA = YES;
				CLANG_WARN_CONSTANT_CONVERSION = YES;
				CLANG_WARN_DEPRECATED_OBJC_IMPLEMENTATIONS = YES;
				CLANG_WARN_DIRECT_OBJC_ISA_USAGE = YES_ERROR;
				CLANG_WARN_DOCUMENTATION_COMMENTS = YES;
				CLANG_WARN_EMPTY_BODY = YES;
				CLANG_WARN_ENUM_CONVERSION = YES;
				CLANG_WARN_INFINITE_RECURSION = YES;
				CLANG_WARN_INT_CONVERSION = YES;
				CLANG_WARN_NON_LITERAL_NULL_CONVERSION = YES;
				CLANG_WARN_OBJC_IMPLICIT_RETAIN_SELF = YES;
				CLANG_WARN_OBJC_LITERAL_CONVERSION = YES;
				CLANG_WARN_OBJC_ROOT_CLASS = YES_ERROR;
				CLANG_WARN_RANGE_LOOP_ANALYSIS = YES;
				CLANG_WARN_STRICT_PROTOTYPES = YES;
				CLANG_WARN_SUSPICIOUS_MOVE = YES;
				CLANG_WARN_UNGUARDED_AVAILABILITY = YES_AGGRESSIVE;
				CLANG_WARN_UNREACHABLE_CODE = YES;
				CLANG_WARN__DUPLICATE_METHOD_MATCH = YES;
				COPY_PHASE_STRIP = NO;
				DEBUG_INFORMATION_FORMAT = dwarf;
				ENABLE_STRICT_OBJC_MSGSEND = YES;
				ENABLE_TESTABILITY = YES;
				GCC_C_LANGUAGE_STANDARD = gnu11;
				GCC_DYNAMIC_NO_PIC = NO;
				GCC_NO_COMMON_BLOCKS = YES;
				GCC_OPTIMIZATION_LEVEL = 0;
				GCC_PREPROCESSOR_DEFINITIONS = (
					"DEBUG=1",
					"$(inherited)",
				);
				GCC_WARN_64_TO_32_BIT_CONVERSION = YES;
				GCC_WARN_ABOUT_RETURN_TYPE = YES_ERROR;
				GCC_WARN_UNDECLARED_SELECTOR = YES;
				GCC_WARN_UNINITIALIZED_AUTOS = YES_AGGRESSIVE;
				GCC_WARN_UNUSED_FUNCTION = YES;
				GCC_WARN_UNUSED_VARIABLE = YES;
				IPHONEOS_DEPLOYMENT_TARGET = 13.2;
				MTL_ENABLE_DEBUG_INFO = INCLUDE_SOURCE;
				MTL_FAST_MATH = YES;
				ONLY_ACTIVE_ARCH = YES;
				SDKROOT = iphoneos;
				SWIFT_ACTIVE_COMPILATION_CONDITIONS = DEBUG;
				SWIFT_OPTIMIZATION_LEVEL = "-Onone";
			};
			name = Debug;
		};
		15C8ACF42D9E9ADD004A09F3 /* Release */ = {
			isa = XCBuildConfiguration;
			buildSettings = {
				ALWAYS_SEARCH_USER_PATHS = NO;
				CLANG_ANALYZER_NONNULL = YES;
				CLANG_ANALYZER_NUMBER_OBJECT_CONVERSION = YES_AGGRESSIVE;
				CLANG_CXX_LANGUAGE_STANDARD = "gnu++14";
				CLANG_CXX_LIBRARY = "libc++";
				CLANG_ENABLE_MODULES = YES;
				CLANG_ENABLE_OBJC_ARC = YES;
				CLANG_ENABLE_OBJC_WEAK = YES;
				CLANG_WARN_BLOCK_CAPTURE_AUTORELEASING = YES;
				CLANG_WARN_BOOL_CONVERSION = YES;
				CLANG_WARN_COMMA = YES;
				CLANG_WARN_CONSTANT_CONVERSION = YES;
				CLANG_WARN_DEPRECATED_OBJC_IMPLEMENTATIONS = YES;
				CLANG_WARN_DIRECT_OBJC_ISA_USAGE = YES_ERROR;
				CLANG_WARN_DOCUMENTATION_COMMENTS = YES;
				CLANG_WARN_EMPTY_BODY = YES;
				CLANG_WARN_ENUM_CONVERSION = YES;
				CLANG_WARN_INFINITE_RECURSION = YES;
				CLANG_WARN_INT_CONVERSION = YES;
				CLANG_WARN_NON_LITERAL_NULL_CONVERSION = YES;
				CLANG_WARN_OBJC_IMPLICIT_RETAIN_SELF = YES;
				CLANG_WARN_OBJC_LITERAL_CONVERSION = YES;
				CLANG_WARN_OBJC_ROOT_CLASS = YES_ERROR;
				CLANG_WARN_RANGE_LOOP_ANALYSIS = YES;
				CLANG_WARN_STRICT_PROTOTYPES = YES;
				CLANG_WARN_SUSPICIOUS_MOVE = YES;
				CLANG_WARN_UNGUARDED_AVAILABILITY = YES_AGGRESSIVE;
				CLANG_WARN_UNREACHABLE_CODE = YES;
				CLANG_WARN__DUPLICATE_METHOD_MATCH = YES;
				COPY_PHASE_STRIP = NO;
				DEBUG_INFORMATION_FORMAT = "dwarf-with-dsym";
				ENABLE_NS_ASSERTIONS = NO;
				ENABLE_STRICT_OBJC_MSGSEND = YES;
				GCC_C_LANGUAGE_STANDARD = gnu11;
				GCC_NO_COMMON_BLOCKS = YES;
				GCC_WARN_64_TO_32_BIT_CONVERSION = YES;
				GCC_WARN_ABOUT_RETURN_TYPE = YES_ERROR;
				GCC_WARN_UNDECLARED_SELECTOR = YES;
				GCC_WARN_UNINITIALIZED_AUTOS = YES_AGGRESSIVE;
				GCC_WARN_UNUSED_FUNCTION = YES;
				GCC_WARN_UNUSED_VARIABLE = YES;
				IPHONEOS_DEPLOYMENT_TARGET = 13.2;
				MTL_ENABLE_DEBUG_INFO = NO;
				MTL_FAST_MATH = YES;
				SDKROOT = iphoneos;
				SWIFT_COMPILATION_MODE = wholemodule;
				SWIFT_OPTIMIZATION_LEVEL = "-O";
				VALIDATE_PRODUCT = YES;
			};
			name = Release;
		};
		15C8ACF62D9E9ADD004A09F3 /* Debug */ = {
			isa = XCBuildConfiguration;
			baseConfigurationReference = F022E8999E76F0A26714B3DE /* Pods-SampleiOSApp.debug.xcconfig */;
			buildSettings = {
				ASSETCATALOG_COMPILER_APPICON_NAME = AppIcon;
				CODE_SIGN_STYLE = Automatic;
				DEVELOPMENT_ASSET_PATHS = "\"SampleiOSApp/Preview Content\"";
				ENABLE_PREVIEWS = YES;
				INFOPLIST_FILE = SampleiOSApp/Info.plist;
				IPHONEOS_DEPLOYMENT_TARGET = 15.6;
				LD_RUNPATH_SEARCH_PATHS = (
					"$(inherited)",
					"@executable_path/Frameworks",
				);
				PRODUCT_BUNDLE_IDENTIFIER = com.girish.SampleiOSApp;
				PRODUCT_NAME = "$(TARGET_NAME)";
				SWIFT_VERSION = 5.0;
				TARGETED_DEVICE_FAMILY = "1,2";
			};
			name = Debug;
		};
		15C8ACF72D9E9ADD004A09F3 /* Release */ = {
			isa = XCBuildConfiguration;
			baseConfigurationReference = F01400B3AC921FB09D964D57 /* Pods-SampleiOSApp.release.xcconfig */;
			buildSettings = {
				ASSETCATALOG_COMPILER_APPICON_NAME = AppIcon;
				CODE_SIGN_STYLE = Automatic;
				DEVELOPMENT_ASSET_PATHS = "\"SampleiOSApp/Preview Content\"";
				ENABLE_PREVIEWS = YES;
				INFOPLIST_FILE = SampleiOSApp/Info.plist;
				IPHONEOS_DEPLOYMENT_TARGET = 15.6;
				LD_RUNPATH_SEARCH_PATHS = (
					"$(inherited)",
					"@executable_path/Frameworks",
				);
				PRODUCT_BUNDLE_IDENTIFIER = com.girish.SampleiOSApp;
				PRODUCT_NAME = "$(TARGET_NAME)";
				SWIFT_VERSION = 5.0;
				TARGETED_DEVICE_FAMILY = "1,2";
			};
			name = Release;
		};
		7D506BE22DA3BF35003C0688 /* Debug */ = {
			isa = XCBuildConfiguration;
			baseConfigurationReference = 6D76882A8EB860DCB696A884 /* Pods-SampleiOSAppTests.debug.xcconfig */;
			buildSettings = {
				ASSETCATALOG_COMPILER_GENERATE_SWIFT_ASSET_SYMBOL_EXTENSIONS = YES;
				BUNDLE_LOADER = "$(TEST_HOST)";
				CLANG_CXX_LANGUAGE_STANDARD = "gnu++20";
				CLANG_ENABLE_MODULES = YES;
				CLANG_WARN_QUOTED_INCLUDE_IN_FRAMEWORK_HEADER = YES;
				CODE_SIGN_STYLE = Automatic;
				CURRENT_PROJECT_VERSION = 1;
				ENABLE_USER_SCRIPT_SANDBOXING = YES;
				GCC_C_LANGUAGE_STANDARD = gnu17;
				GENERATE_INFOPLIST_FILE = YES;
				IPHONEOS_DEPLOYMENT_TARGET = 15.6;
				LOCALIZATION_PREFERS_STRING_CATALOGS = YES;
				MARKETING_VERSION = 1.0;
				PRODUCT_BUNDLE_IDENTIFIER = com.myapp.SampleiOSAppTests;
				PRODUCT_NAME = "$(TARGET_NAME)";
				SWIFT_ACTIVE_COMPILATION_CONDITIONS = "DEBUG $(inherited)";
				SWIFT_EMIT_LOC_STRINGS = NO;
				SWIFT_OBJC_BRIDGING_HEADER = "SampleiOSAppTests/KIFTests/SampleiOSAppTests-Bridging-Header.h";
				SWIFT_OPTIMIZATION_LEVEL = "-Onone";
				SWIFT_VERSION = 5.0;
				TARGETED_DEVICE_FAMILY = "1,2";
				TEST_HOST = "$(BUILT_PRODUCTS_DIR)/SampleiOSApp.app/$(BUNDLE_EXECUTABLE_FOLDER_PATH)/SampleiOSApp";
			};
			name = Debug;
		};
		7D506BE32DA3BF35003C0688 /* Release */ = {
			isa = XCBuildConfiguration;
			baseConfigurationReference = E0555919F0499D1262BAA33C /* Pods-SampleiOSAppTests.release.xcconfig */;
			buildSettings = {
				ASSETCATALOG_COMPILER_GENERATE_SWIFT_ASSET_SYMBOL_EXTENSIONS = YES;
				BUNDLE_LOADER = "$(TEST_HOST)";
				CLANG_CXX_LANGUAGE_STANDARD = "gnu++20";
				CLANG_ENABLE_MODULES = YES;
				CLANG_WARN_QUOTED_INCLUDE_IN_FRAMEWORK_HEADER = YES;
				CODE_SIGN_STYLE = Automatic;
				CURRENT_PROJECT_VERSION = 1;
				ENABLE_USER_SCRIPT_SANDBOXING = YES;
				GCC_C_LANGUAGE_STANDARD = gnu17;
				GENERATE_INFOPLIST_FILE = YES;
				IPHONEOS_DEPLOYMENT_TARGET = 15.6;
				LOCALIZATION_PREFERS_STRING_CATALOGS = YES;
				MARKETING_VERSION = 1.0;
				PRODUCT_BUNDLE_IDENTIFIER = com.myapp.SampleiOSAppTests;
				PRODUCT_NAME = "$(TARGET_NAME)";
				SWIFT_EMIT_LOC_STRINGS = NO;
				SWIFT_OBJC_BRIDGING_HEADER = "SampleiOSAppTests/KIFTests/SampleiOSAppTests-Bridging-Header.h";
				SWIFT_VERSION = 5.0;
				TARGETED_DEVICE_FAMILY = "1,2";
				TEST_HOST = "$(BUILT_PRODUCTS_DIR)/SampleiOSApp.app/$(BUNDLE_EXECUTABLE_FOLDER_PATH)/SampleiOSApp";
			};
			name = Release;
		};
		7D506BF42DA3C1CD003C0688 /* Debug */ = {
			isa = XCBuildConfiguration;
			buildSettings = {
				ASSETCATALOG_COMPILER_GENERATE_SWIFT_ASSET_SYMBOL_EXTENSIONS = YES;
				CLANG_CXX_LANGUAGE_STANDARD = "gnu++20";
				CLANG_WARN_QUOTED_INCLUDE_IN_FRAMEWORK_HEADER = YES;
				CODE_SIGN_STYLE = Automatic;
				CURRENT_PROJECT_VERSION = 1;
				ENABLE_USER_SCRIPT_SANDBOXING = YES;
				GCC_C_LANGUAGE_STANDARD = gnu17;
				GENERATE_INFOPLIST_FILE = YES;
				IPHONEOS_DEPLOYMENT_TARGET = 15.6;
				LOCALIZATION_PREFERS_STRING_CATALOGS = YES;
				MARKETING_VERSION = 1.0;
				PRODUCT_BUNDLE_IDENTIFIER = com.myapp.SampleiOSAppUITests;
				PRODUCT_NAME = "$(TARGET_NAME)";
				SWIFT_ACTIVE_COMPILATION_CONDITIONS = "DEBUG $(inherited)";
				SWIFT_EMIT_LOC_STRINGS = NO;
				SWIFT_VERSION = 5.0;
				TARGETED_DEVICE_FAMILY = "1,2";
				TEST_TARGET_NAME = SampleiOSApp;
			};
			name = Debug;
		};
		7D506BF52DA3C1CD003C0688 /* Release */ = {
			isa = XCBuildConfiguration;
			buildSettings = {
				ASSETCATALOG_COMPILER_GENERATE_SWIFT_ASSET_SYMBOL_EXTENSIONS = YES;
				CLANG_CXX_LANGUAGE_STANDARD = "gnu++20";
				CLANG_WARN_QUOTED_INCLUDE_IN_FRAMEWORK_HEADER = YES;
				CODE_SIGN_STYLE = Automatic;
				CURRENT_PROJECT_VERSION = 1;
				ENABLE_USER_SCRIPT_SANDBOXING = YES;
				GCC_C_LANGUAGE_STANDARD = gnu17;
				GENERATE_INFOPLIST_FILE = YES;
				IPHONEOS_DEPLOYMENT_TARGET = 15.6;
				LOCALIZATION_PREFERS_STRING_CATALOGS = YES;
				MARKETING_VERSION = 1.0;
				PRODUCT_BUNDLE_IDENTIFIER = com.myapp.SampleiOSAppUITests;
				PRODUCT_NAME = "$(TARGET_NAME)";
				SWIFT_EMIT_LOC_STRINGS = NO;
				SWIFT_VERSION = 5.0;
				TARGETED_DEVICE_FAMILY = "1,2";
				TEST_TARGET_NAME = SampleiOSApp;
			};
			name = Release;
		};
/* End XCBuildConfiguration section */

/* Begin XCConfigurationList section */
		15C8ACDC2D9E9AD5004A09F3 /* Build configuration list for PBXProject "SampleiOSApp" */ = {
			isa = XCConfigurationList;
			buildConfigurations = (
				15C8ACF32D9E9ADD004A09F3 /* Debug */,
				15C8ACF42D9E9ADD004A09F3 /* Release */,
			);
			defaultConfigurationIsVisible = 0;
			defaultConfigurationName = Release;
		};
		15C8ACF52D9E9ADD004A09F3 /* Build configuration list for PBXNativeTarget "SampleiOSApp" */ = {
			isa = XCConfigurationList;
			buildConfigurations = (
				15C8ACF62D9E9ADD004A09F3 /* Debug */,
				15C8ACF72D9E9ADD004A09F3 /* Release */,
			);
			defaultConfigurationIsVisible = 0;
			defaultConfigurationName = Release;
		};
		7D506BE12DA3BF35003C0688 /* Build configuration list for PBXNativeTarget "SampleiOSAppTests" */ = {
			isa = XCConfigurationList;
			buildConfigurations = (
				7D506BE22DA3BF35003C0688 /* Debug */,
				7D506BE32DA3BF35003C0688 /* Release */,
			);
			defaultConfigurationIsVisible = 0;
			defaultConfigurationName = Release;
		};
		7D506BF62DA3C1CD003C0688 /* Build configuration list for PBXNativeTarget "SampleiOSAppUITests" */ = {
			isa = XCConfigurationList;
			buildConfigurations = (
				7D506BF42DA3C1CD003C0688 /* Debug */,
				7D506BF52DA3C1CD003C0688 /* Release */,
			);
			defaultConfigurationIsVisible = 0;
			defaultConfigurationName = Release;
		};
/* End XCConfigurationList section */
	};
	rootObject = 15C8ACD92D9E9AD5004A09F3 /* Project object */;
}
